dependencies:
- name: postgresql
  repository: https://charts.bitnami.com/bitnami
  version: 11.7.6
- name: redis
  repository: https://charts.bitnami.com/bitnami
  version: 17.1.0
- name: admin-console
  repository: oci://registry.replicated.com/library
  version: 1.83.0
digest: sha256:4718692e63e99aaaead9ab629c615caf29619be330ef0882c701242c3e25bbae
generated: "2022-09-14T21:09:32.554117-04:00"
