dependencies:
- name: postgresql
  repository: https://charts.bitnami.com/bitnami
  version: 11.7.6
- name: redis
  repository: https://charts.bitnami.com/bitnami
  version: 17.1.0
digest: sha256:226dd178a53b0fae525ea66d3de5b9d59828ecf7da89740e90a15198c099a0c7
generated: "2022-08-23T14:58:44.211925-04:00"
