dependencies:
- name: postgresql
  repository: https://charts.bitnami.com/bitnami
  version: 11.7.6
- name: redis
  repository: https://charts.bitnami.com/bitnami
  version: 17.1.0
digest: sha256:a7091d715e13b0f4acfe23586b4d541207d5c0cb4caa3d756342fb013d2213aa
generated: "2022-08-22T10:04:45.764707-04:00"
